
Microsoft Visual Studio Solution File, Format Version 12.00
# Visual Studio Version 17
VisualStudioVersion = 17.3.32901.215
MinimumVisualStudioVersion = 10.0.40219.1
Project("{FAE04EC0-301F-11D3-BF4B-00C04F79EFBC}") = "SearchableListTest.Android", "SearchableListTest\SearchableListTest.Android\SearchableListTest.Android.csproj", "{CCF78708-B5D7-4914-8F67-7D97C0D1A099}"
EndProject
Project("{FAE04EC0-301F-11D3-BF4B-00C04F79EFBC}") = "SearchableListTest", "SearchableListTest\SearchableListTest\SearchableListTest.csproj", "{2F78A5C4-C3A6-4566-BAAA-E2FB31ADA61B}"
EndProject
Global
	GlobalSection(SolutionConfigurationPlatforms) = preSolution
		Debug|Any CPU = Debug|Any CPU
		Release|Any CPU = Release|Any CPU
	EndGlobalSection
	GlobalSection(ProjectConfigurationPlatforms) = postSolution
		{CCF78708-B5D7-4914-8F67-7D97C0D1A099}.Debug|Any CPU.ActiveCfg = Debug|Any CPU
		{CCF78708-B5D7-4914-8F67-7D97C0D1A099}.Debug|Any CPU.Build.0 = Debug|Any CPU
		{CCF78708-B5D7-4914-8F67-7D97C0D1A099}.Debug|Any CPU.Deploy.0 = Debug|Any CPU
		{CCF78708-B5D7-4914-8F67-7D97C0D1A099}.Release|Any CPU.ActiveCfg = Release|Any CPU
		{CCF78708-B5D7-4914-8F67-7D97C0D1A099}.Release|Any CPU.Build.0 = Release|Any CPU
		{CCF78708-B5D7-4914-8F67-7D97C0D1A099}.Release|Any CPU.Deploy.0 = Release|Any CPU
		{2F78A5C4-C3A6-4566-BAAA-E2FB31ADA61B}.Debug|Any CPU.ActiveCfg = Debug|Any CPU
		{2F78A5C4-C3A6-4566-BAAA-E2FB31ADA61B}.Debug|Any CPU.Build.0 = Debug|Any CPU
		{2F78A5C4-C3A6-4566-BAAA-E2FB31ADA61B}.Debug|Any CPU.Deploy.0 = Debug|Any CPU
		{2F78A5C4-C3A6-4566-BAAA-E2FB31ADA61B}.Release|Any CPU.ActiveCfg = Release|Any CPU
		{2F78A5C4-C3A6-4566-BAAA-E2FB31ADA61B}.Release|Any CPU.Build.0 = Release|Any CPU
		{2F78A5C4-C3A6-4566-BAAA-E2FB31ADA61B}.Release|Any CPU.Deploy.0 = Release|Any CPU
	EndGlobalSection
	GlobalSection(SolutionProperties) = preSolution
		HideSolutionNode = FALSE
	EndGlobalSection
	GlobalSection(ExtensibilityGlobals) = postSolution
		SolutionGuid = {34AD3D69-B31C-424A-AC11-6B7DB91ADD08}
	EndGlobalSection
EndGlobal
